id: door-lock
ref: olimex/door-lock
vendor: olimex
sku: door-lock
name: DOOR-LOCK
description: ''
status: ''
extra: {}
links:
  products:
  - https://www.olimex.com/Products/Components/Misc/DOOR-LOCK/
  images:
  - https://www.olimex.com/Products/Components/Misc/DOOR-LOCK/images/thumbs/200x150/doorlock.jpg
